
Microsoft Visual Studio Solution File, Format Version 12.00
# Visual Studio Version 17
VisualStudioVersion = 17.8.34408.163
MinimumVisualStudioVersion = 10.0.40219.1
Project("{2150E333-8FDC-42A3-9474-1A3956D46DE8}") = "Settings", "Settings", "{BD017E03-4675-4107-9148-0EC48778EA1E}"
EndProject
Project("{2150E333-8FDC-42A3-9474-1A3956D46DE8}") = "Services", "Services", "{E54C2C09-F845-4550-98DC-FB4BCF7F8C69}"
EndProject
Project("{2150E333-8FDC-42A3-9474-1A3956D46DE8}") = "AuthJWT", "AuthJWT", "{FBBF36F8-16FE-4CDC-ADE9-B8602D9C7937}"
EndProject
Project("{9A19103F-16F7-4668-BE54-9A1E7A4F7556}") = "ServicesCommon", "ServicesCommon\ServicesCommon.csproj", "{EA0D6835-CFB6-4031-95F4-EC6A0A37498D}"
EndProject
Project("{9A19103F-16F7-4668-BE54-9A1E7A4F7556}") = "JWTAuthenManager", "JWTAuthenManager\JWTAuthenManager.csproj", "{BCDE28FC-4A31-420B-9093-25734C130141}"
EndProject
Project("{9A19103F-16F7-4668-BE54-9A1E7A4F7556}") = "ProductApi", "ProductApi\ProductApi.csproj", "{054120E2-C6AF-4B8B-AFF8-6E60D8249B5E}"
	ProjectSection(ProjectDependencies) = postProject
		{BCDE28FC-4A31-420B-9093-25734C130141} = {BCDE28FC-4A31-420B-9093-25734C130141}
	EndProjectSection
EndProject
Project("{9A19103F-16F7-4668-BE54-9A1E7A4F7556}") = "UsersApi", "Users\UsersApi.csproj", "{DE423D4B-F0B7-42CA-A19C-0FDF678639F1}"
	ProjectSection(ProjectDependencies) = postProject
		{EA0D6835-CFB6-4031-95F4-EC6A0A37498D} = {EA0D6835-CFB6-4031-95F4-EC6A0A37498D}
	EndProjectSection
EndProject
Project("{9A19103F-16F7-4668-BE54-9A1E7A4F7556}") = "AdminsApi", "AdminsApi\AdminsApi.csproj", "{E954A5E4-F028-430F-A503-0805B58F0199}"
EndProject
Project("{9A19103F-16F7-4668-BE54-9A1E7A4F7556}") = "StaffsApi", "StaffsApi\StaffsApi.csproj", "{7B17B865-C9AF-4F59-B2EE-CD987BA6628A}"
EndProject
Project("{9A19103F-16F7-4668-BE54-9A1E7A4F7556}") = "CartsApi", "CartsApi\CartsApi.csproj", "{AB189129-2C10-4720-A14A-04D60664EB73}"
EndProject
Project("{9A19103F-16F7-4668-BE54-9A1E7A4F7556}") = "ReviewsApi", "ReviewsApi\ReviewsApi.csproj", "{DFA85E96-AE0F-4854-8AA5-98F078A5C865}"
EndProject
Project("{9A19103F-16F7-4668-BE54-9A1E7A4F7556}") = "BillApi", "BillApi\BillApi.csproj", "{8818DC9F-6400-45FE-B77D-C772CBD1E470}"
EndProject
Project("{2150E333-8FDC-42A3-9474-1A3956D46DE8}") = "Contracts", "Contracts", "{8C6665B2-0B3E-4E50-A5EE-CDEA0835E2BC}"
EndProject
Project("{9A19103F-16F7-4668-BE54-9A1E7A4F7556}") = "ProductContract", "ProductContract\ProductContract.csproj", "{26D09A7E-4EED-48A6-9E13-151C220FDE0C}"
EndProject
Project("{9A19103F-16F7-4668-BE54-9A1E7A4F7556}") = "UserContract", "UserContract\UserContract.csproj", "{4DA38A5C-83B2-46B7-B823-3C8C5339EDCB}"
EndProject
Project("{9A19103F-16F7-4668-BE54-9A1E7A4F7556}") = "AdminContract", "AdminContract\AdminContract.csproj", "{C85696D3-86C8-45F0-AC91-F18B08456266}"
EndProject
Project("{9A19103F-16F7-4668-BE54-9A1E7A4F7556}") = "StaffContract", "StaffContract\StaffContract.csproj", "{8B9BF6A5-9E6F-4085-8C71-8E97F3058CF4}"
EndProject
Project("{9A19103F-16F7-4668-BE54-9A1E7A4F7556}") = "AuthApi", "AuthApi\AuthApi.csproj", "{2419BA70-28C1-4010-B9D8-C46E1EAF2E40}"
EndProject
Project("{FAE04EC0-301F-11D3-BF4B-00C04F79EFBC}") = "Messages", "Messages\Messages.csproj", "{7F4ABC5A-C12E-4511-B81F-AC16A6155104}"
EndProject
Global
	GlobalSection(SolutionConfigurationPlatforms) = preSolution
		Debug|Any CPU = Debug|Any CPU
		Release|Any CPU = Release|Any CPU
	EndGlobalSection
	GlobalSection(ProjectConfigurationPlatforms) = postSolution
		{EA0D6835-CFB6-4031-95F4-EC6A0A37498D}.Debug|Any CPU.ActiveCfg = Debug|Any CPU
		{EA0D6835-CFB6-4031-95F4-EC6A0A37498D}.Debug|Any CPU.Build.0 = Debug|Any CPU
		{EA0D6835-CFB6-4031-95F4-EC6A0A37498D}.Release|Any CPU.ActiveCfg = Release|Any CPU
		{EA0D6835-CFB6-4031-95F4-EC6A0A37498D}.Release|Any CPU.Build.0 = Release|Any CPU
		{BCDE28FC-4A31-420B-9093-25734C130141}.Debug|Any CPU.ActiveCfg = Debug|Any CPU
		{BCDE28FC-4A31-420B-9093-25734C130141}.Debug|Any CPU.Build.0 = Debug|Any CPU
		{BCDE28FC-4A31-420B-9093-25734C130141}.Release|Any CPU.ActiveCfg = Release|Any CPU
		{BCDE28FC-4A31-420B-9093-25734C130141}.Release|Any CPU.Build.0 = Release|Any CPU
		{054120E2-C6AF-4B8B-AFF8-6E60D8249B5E}.Debug|Any CPU.ActiveCfg = Debug|Any CPU
		{054120E2-C6AF-4B8B-AFF8-6E60D8249B5E}.Debug|Any CPU.Build.0 = Debug|Any CPU
		{054120E2-C6AF-4B8B-AFF8-6E60D8249B5E}.Release|Any CPU.ActiveCfg = Release|Any CPU
		{054120E2-C6AF-4B8B-AFF8-6E60D8249B5E}.Release|Any CPU.Build.0 = Release|Any CPU
		{DE423D4B-F0B7-42CA-A19C-0FDF678639F1}.Debug|Any CPU.ActiveCfg = Debug|Any CPU
		{DE423D4B-F0B7-42CA-A19C-0FDF678639F1}.Debug|Any CPU.Build.0 = Debug|Any CPU
		{DE423D4B-F0B7-42CA-A19C-0FDF678639F1}.Release|Any CPU.ActiveCfg = Release|Any CPU
		{DE423D4B-F0B7-42CA-A19C-0FDF678639F1}.Release|Any CPU.Build.0 = Release|Any CPU
		{E954A5E4-F028-430F-A503-0805B58F0199}.Debug|Any CPU.ActiveCfg = Debug|Any CPU
		{E954A5E4-F028-430F-A503-0805B58F0199}.Debug|Any CPU.Build.0 = Debug|Any CPU
		{E954A5E4-F028-430F-A503-0805B58F0199}.Release|Any CPU.ActiveCfg = Release|Any CPU
		{E954A5E4-F028-430F-A503-0805B58F0199}.Release|Any CPU.Build.0 = Release|Any CPU
		{7B17B865-C9AF-4F59-B2EE-CD987BA6628A}.Debug|Any CPU.ActiveCfg = Debug|Any CPU
		{7B17B865-C9AF-4F59-B2EE-CD987BA6628A}.Debug|Any CPU.Build.0 = Debug|Any CPU
		{7B17B865-C9AF-4F59-B2EE-CD987BA6628A}.Release|Any CPU.ActiveCfg = Release|Any CPU
		{7B17B865-C9AF-4F59-B2EE-CD987BA6628A}.Release|Any CPU.Build.0 = Release|Any CPU
		{AB189129-2C10-4720-A14A-04D60664EB73}.Debug|Any CPU.ActiveCfg = Debug|Any CPU
		{AB189129-2C10-4720-A14A-04D60664EB73}.Debug|Any CPU.Build.0 = Debug|Any CPU
		{AB189129-2C10-4720-A14A-04D60664EB73}.Release|Any CPU.ActiveCfg = Release|Any CPU
		{AB189129-2C10-4720-A14A-04D60664EB73}.Release|Any CPU.Build.0 = Release|Any CPU
		{DFA85E96-AE0F-4854-8AA5-98F078A5C865}.Debug|Any CPU.ActiveCfg = Debug|Any CPU
		{DFA85E96-AE0F-4854-8AA5-98F078A5C865}.Debug|Any CPU.Build.0 = Debug|Any CPU
		{DFA85E96-AE0F-4854-8AA5-98F078A5C865}.Release|Any CPU.ActiveCfg = Release|Any CPU
		{DFA85E96-AE0F-4854-8AA5-98F078A5C865}.Release|Any CPU.Build.0 = Release|Any CPU
		{8818DC9F-6400-45FE-B77D-C772CBD1E470}.Debug|Any CPU.ActiveCfg = Debug|Any CPU
		{8818DC9F-6400-45FE-B77D-C772CBD1E470}.Debug|Any CPU.Build.0 = Debug|Any CPU
		{8818DC9F-6400-45FE-B77D-C772CBD1E470}.Release|Any CPU.ActiveCfg = Release|Any CPU
		{8818DC9F-6400-45FE-B77D-C772CBD1E470}.Release|Any CPU.Build.0 = Release|Any CPU
		{26D09A7E-4EED-48A6-9E13-151C220FDE0C}.Debug|Any CPU.ActiveCfg = Debug|Any CPU
		{26D09A7E-4EED-48A6-9E13-151C220FDE0C}.Debug|Any CPU.Build.0 = Debug|Any CPU
		{26D09A7E-4EED-48A6-9E13-151C220FDE0C}.Release|Any CPU.ActiveCfg = Release|Any CPU
		{26D09A7E-4EED-48A6-9E13-151C220FDE0C}.Release|Any CPU.Build.0 = Release|Any CPU
		{4DA38A5C-83B2-46B7-B823-3C8C5339EDCB}.Debug|Any CPU.ActiveCfg = Debug|Any CPU
		{4DA38A5C-83B2-46B7-B823-3C8C5339EDCB}.Debug|Any CPU.Build.0 = Debug|Any CPU
		{4DA38A5C-83B2-46B7-B823-3C8C5339EDCB}.Release|Any CPU.ActiveCfg = Release|Any CPU
		{4DA38A5C-83B2-46B7-B823-3C8C5339EDCB}.Release|Any CPU.Build.0 = Release|Any CPU
		{C85696D3-86C8-45F0-AC91-F18B08456266}.Debug|Any CPU.ActiveCfg = Debug|Any CPU
		{C85696D3-86C8-45F0-AC91-F18B08456266}.Debug|Any CPU.Build.0 = Debug|Any CPU
		{C85696D3-86C8-45F0-AC91-F18B08456266}.Release|Any CPU.ActiveCfg = Release|Any CPU
		{C85696D3-86C8-45F0-AC91-F18B08456266}.Release|Any CPU.Build.0 = Release|Any CPU
		{8B9BF6A5-9E6F-4085-8C71-8E97F3058CF4}.Debug|Any CPU.ActiveCfg = Debug|Any CPU
		{8B9BF6A5-9E6F-4085-8C71-8E97F3058CF4}.Debug|Any CPU.Build.0 = Debug|Any CPU
		{8B9BF6A5-9E6F-4085-8C71-8E97F3058CF4}.Release|Any CPU.ActiveCfg = Release|Any CPU
		{8B9BF6A5-9E6F-4085-8C71-8E97F3058CF4}.Release|Any CPU.Build.0 = Release|Any CPU
		{2419BA70-28C1-4010-B9D8-C46E1EAF2E40}.Debug|Any CPU.ActiveCfg = Debug|Any CPU
		{2419BA70-28C1-4010-B9D8-C46E1EAF2E40}.Debug|Any CPU.Build.0 = Debug|Any CPU
		{2419BA70-28C1-4010-B9D8-C46E1EAF2E40}.Release|Any CPU.ActiveCfg = Release|Any CPU
		{2419BA70-28C1-4010-B9D8-C46E1EAF2E40}.Release|Any CPU.Build.0 = Release|Any CPU
		{7F4ABC5A-C12E-4511-B81F-AC16A6155104}.Debug|Any CPU.ActiveCfg = Debug|Any CPU
		{7F4ABC5A-C12E-4511-B81F-AC16A6155104}.Debug|Any CPU.Build.0 = Debug|Any CPU
		{7F4ABC5A-C12E-4511-B81F-AC16A6155104}.Release|Any CPU.ActiveCfg = Release|Any CPU
		{7F4ABC5A-C12E-4511-B81F-AC16A6155104}.Release|Any CPU.Build.0 = Release|Any CPU
	EndGlobalSection
	GlobalSection(SolutionProperties) = preSolution
		HideSolutionNode = FALSE
	EndGlobalSection
	GlobalSection(NestedProjects) = preSolution
		{EA0D6835-CFB6-4031-95F4-EC6A0A37498D} = {BD017E03-4675-4107-9148-0EC48778EA1E}
		{BCDE28FC-4A31-420B-9093-25734C130141} = {FBBF36F8-16FE-4CDC-ADE9-B8602D9C7937}
		{054120E2-C6AF-4B8B-AFF8-6E60D8249B5E} = {E54C2C09-F845-4550-98DC-FB4BCF7F8C69}
		{DE423D4B-F0B7-42CA-A19C-0FDF678639F1} = {E54C2C09-F845-4550-98DC-FB4BCF7F8C69}
		{E954A5E4-F028-430F-A503-0805B58F0199} = {E54C2C09-F845-4550-98DC-FB4BCF7F8C69}
		{7B17B865-C9AF-4F59-B2EE-CD987BA6628A} = {E54C2C09-F845-4550-98DC-FB4BCF7F8C69}
		{AB189129-2C10-4720-A14A-04D60664EB73} = {E54C2C09-F845-4550-98DC-FB4BCF7F8C69}
		{DFA85E96-AE0F-4854-8AA5-98F078A5C865} = {E54C2C09-F845-4550-98DC-FB4BCF7F8C69}
		{8818DC9F-6400-45FE-B77D-C772CBD1E470} = {E54C2C09-F845-4550-98DC-FB4BCF7F8C69}
		{26D09A7E-4EED-48A6-9E13-151C220FDE0C} = {8C6665B2-0B3E-4E50-A5EE-CDEA0835E2BC}
		{4DA38A5C-83B2-46B7-B823-3C8C5339EDCB} = {8C6665B2-0B3E-4E50-A5EE-CDEA0835E2BC}
		{C85696D3-86C8-45F0-AC91-F18B08456266} = {8C6665B2-0B3E-4E50-A5EE-CDEA0835E2BC}
		{8B9BF6A5-9E6F-4085-8C71-8E97F3058CF4} = {8C6665B2-0B3E-4E50-A5EE-CDEA0835E2BC}
		{2419BA70-28C1-4010-B9D8-C46E1EAF2E40} = {E54C2C09-F845-4550-98DC-FB4BCF7F8C69}
	EndGlobalSection
	GlobalSection(ExtensibilityGlobals) = postSolution
		SolutionGuid = {6CAE5F8A-F3BD-46CB-8F64-559DE5F05266}
	EndGlobalSection
EndGlobal
